<?xml version="1.0" encoding="utf-8"?>
<Project ToolsVersion="4.0" xmlns="http://schemas.microsoft.com/developer/msbuild/2003">
  <ItemGroup>
    <ClCompile Include="src\Engine.cpp" />
    <ClCompile Include="src\Widget.cpp" />
    <ClCompile Include="src\Platform\WindowsPlatformHelper.cpp">
      <Filter>Platform</Filter>
    </ClCompile>
    <ClCompile Include="src\Helpers\stb_image.cpp">
      <Filter>Helpers</Filter>
    </ClCompile>
    <ClCompile Include="src\Helpers\AssetHelper.cpp">
      <Filter>Helpers</Filter>
    </ClCompile>
    <ClCompile Include="src\Helpers\EntityHelper.cpp">
      <Filter>Helpers</Filter>
    </ClCompile>
    <ClCompile Include="src\Entity\EntityManager.cpp">
      <Filter>Entity</Filter>
    </ClCompile>
    <ClCompile Include="src\Entity\Entity.cpp">
      <Filter>Entity</Filter>
    </ClCompile>
    <ClCompile Include="src\Assets\AssetManager.cpp">
      <Filter>Assets</Filter>
    </ClCompile>
    <ClCompile Include="src\Assets\StaticMeshAsset.cpp">
      <Filter>Assets</Filter>
    </ClCompile>
    <ClCompile Include="src\Assets\TextureAsset.cpp">
      <Filter>Assets</Filter>
    </ClCompile>
    <ClCompile Include="src\Assets\Asset.cpp">
      <Filter>Assets</Filter>
    </ClCompile>
    <ClCompile Include="src\Entity\Features.cpp" />
    <ClCompile Include="src\Helpers\WindowsPlatformHelper.cpp">
      <Filter>Helpers</Filter>
    </ClCompile>
    <ClCompile Include="src\Assets\PrefabAsset.cpp">
      <Filter>Assets</Filter>
    </ClCompile>
    <ClCompile Include="src\Assets\MaterialAsset.cpp" />
  </ItemGroup>
  <ItemGroup>
    <ClInclude Include="src\EdEngine.h" />
    <ClInclude Include="src\Engine.h" />
    <ClInclude Include="src\Widget.h" />
    <ClInclude Include="src\Helpers\PlatformHelper.h">
      <Filter>Helpers</Filter>
    </ClInclude>
    <ClInclude Include="src\Helpers\stb_image.h">
      <Filter>Helpers</Filter>
    </ClInclude>
    <ClInclude Include="src\Helpers\AssetHelper.h">
      <Filter>Helpers</Filter>
    </ClInclude>
    <ClInclude Include="src\Helpers\EntityHelper.h">
      <Filter>Helpers</Filter>
    </ClInclude>
    <ClInclude Include="src\Entity\Entity.h">
      <Filter>Entity</Filter>
    </ClInclude>
    <ClInclude Include="src\Entity\EntityManager.h">
      <Filter>Entity</Filter>
    </ClInclude>
    <ClInclude Include="src\Entity\Features.h">
      <Filter>Entity</Filter>
    </ClInclude>
    <ClInclude Include="src\Entity\ObjectPool.h">
      <Filter>Entity</Filter>
    </ClInclude>
    <ClInclude Include="src\Assets\AssetManager.h">
      <Filter>Assets</Filter>
    </ClInclude>
    <ClInclude Include="src\Assets\MaterialAsset.h">
      <Filter>Assets</Filter>
    </ClInclude>
    <ClInclude Include="src\Assets\StaticMeshAsset.h">
      <Filter>Assets</Filter>
    </ClInclude>
    <ClInclude Include="src\Assets\TextureAsset.h">
      <Filter>Assets</Filter>
    </ClInclude>
    <ClInclude Include="src\Assets\Asset.h">
      <Filter>Assets</Filter>
    </ClInclude>
    <ClInclude Include="src\Assets\PrefabAsset.h">
      <Filter>Assets</Filter>
    </ClInclude>
  </ItemGroup>
  <ItemGroup>
    <Filter Include="Platform">
      <UniqueIdentifier>{529449cc-5d95-407c-bfb6-56cb31644eb2}</UniqueIdentifier>
    </Filter>
    <Filter Include="Helpers">
      <UniqueIdentifier>{b5152cc5-1c05-4332-910e-ed2f6bb17031}</UniqueIdentifier>
    </Filter>
    <Filter Include="Entity">
      <UniqueIdentifier>{6bb79d98-ff19-4569-949d-7d5492d81039}</UniqueIdentifier>
    </Filter>
    <Filter Include="Assets">
      <UniqueIdentifier>{3f755cbe-72ba-42cd-9faf-91a1094d59a9}</UniqueIdentifier>
    </Filter>
  </ItemGroup>
</Project>