<?xml version="1.0" encoding="utf-8"?>
<Project ToolsVersion="4.0" xmlns="http://schemas.microsoft.com/developer/msbuild/2003">
  <ItemGroup>
    <ClInclude Include="src\EdRenderer.h" />
    <ClInclude Include="src\Renderer.h" />
    <ClInclude Include="src\RendererStats.h" />
    <ClInclude Include="src\RenderGraph.h" />
    <ClInclude Include="src\RenderPassSpecification.h" />
    <ClInclude Include="src\RenderScene.h" />
    <ClInclude Include="src\Passes\AmbientPass.h">
      <Filter>Passes</Filter>
    </ClInclude>
    <ClInclude Include="src\Passes\EmissionPass.h">
      <Filter>Passes</Filter>
    </ClInclude>
    <ClInclude Include="src\Passes\FXAAPass.h">
      <Filter>Passes</Filter>
    </ClInclude>
    <ClInclude Include="src\Passes\GBufferPass.h">
      <Filter>Passes</Filter>
    </ClInclude>
    <ClInclude Include="src\Passes\GrayscalePass.h">
      <Filter>Passes</Filter>
    </ClInclude>
    <ClInclude Include="src\Passes\RenderPass.h">
      <Filter>Passes</Filter>
    </ClInclude>
    <ClInclude Include="src\Passes\ResolutionPass.h">
      <Filter>Passes</Filter>
    </ClInclude>
    <ClInclude Include="src\Passes\AAPass.h">
      <Filter>Passes</Filter>
    </ClInclude>
    <ClInclude Include="src\Passes\Parameters\ParametersCommon.h">
      <Filter>Passes\Parameters</Filter>
    </ClInclude>
    <ClInclude Include="src\Passes\Parameters\RenderGraphParameters.h">
      <Filter>Passes\Parameters</Filter>
    </ClInclude>
    <ClInclude Include="src\Passes\Parameters\RenderPassParameters.h">
      <Filter>Passes\Parameters</Filter>
    </ClInclude>
    <ClInclude Include="src\Passes\Parameters\ShaderParameters.h">
      <Filter>Passes\Parameters</Filter>
    </ClInclude>
    <ClInclude Include="src\Passes\Lighting\DirectionalLight\DirectionalLightShadingPass.h">
      <Filter>Passes\Lighting\DirectionalLight</Filter>
    </ClInclude>
    <ClInclude Include="src\Passes\Lighting\DirectionalLight\DirectionalLightShadowPass.h">
      <Filter>Passes\Lighting\DirectionalLight</Filter>
    </ClInclude>
    <ClInclude Include="src\Passes\Lighting\DirectionalLight\DirectionalLightMultiPass.h">
      <Filter>Passes\Lighting\DirectionalLight</Filter>
    </ClInclude>
    <ClInclude Include="src\Passes\Lighting\PointLight\PointLightShadingPass.h">
      <Filter>Passes\Lighting\PointLight</Filter>
    </ClInclude>
    <ClInclude Include="src\Passes\Lighting\PointLight\PointLightShadowPass.h">
      <Filter>Passes\Lighting\PointLight</Filter>
    </ClInclude>
    <ClInclude Include="src\Passes\Lighting\PointLight\PointLightWireframePass.h">
      <Filter>Passes\Lighting\PointLight</Filter>
    </ClInclude>
    <ClInclude Include="src\Passes\Lighting\PointLight\PointLightMultiPass.h">
      <Filter>Passes\Lighting\PointLight</Filter>
    </ClInclude>
    <ClInclude Include="src\Passes\Lighting\SpotLight\SpotLightShadowPass.h">
      <Filter>Passes\Lighting\SpotLight</Filter>
    </ClInclude>
    <ClInclude Include="src\Passes\Lighting\SpotLight\SpotLightWireframePass.h">
      <Filter>Passes\Lighting\SpotLight</Filter>
    </ClInclude>
    <ClInclude Include="src\Passes\Lighting\SpotLight\SpotLightMultiPass.h">
      <Filter>Passes\Lighting\SpotLight</Filter>
    </ClInclude>
    <ClInclude Include="src\Passes\Lighting\SpotLight\SpotLightShadingPass.h">
      <Filter>Passes\Lighting\SpotLight</Filter>
    </ClInclude>
    <ClInclude Include="src\Passes\Bloom\BloomUpscalePass.h">
      <Filter>Passes\Bloom</Filter>
    </ClInclude>
    <ClInclude Include="src\Passes\Bloom\BloomDownscalePass.h">
      <Filter>Passes\Bloom</Filter>
    </ClInclude>
    <ClInclude Include="src\Passes\Bloom\BloomMultiPass.h">
      <Filter>Passes\Bloom</Filter>
    </ClInclude>
    <ClInclude Include="src\Helpers\RenderingHelper.h">
      <Filter>Helpers</Filter>
    </ClInclude>
    <ClInclude Include="src\EdRendererPrivate.h" />
    <ClInclude Include="src\RenderTarget.h" />
    <ClInclude Include="src\UAVTarget.h" />
    <ClInclude Include="src\Passes\ShadowsPass.h">
      <Filter>Passes</Filter>
    </ClInclude>
    <ClInclude Include="src\Passes\SSAOPass.h">
      <Filter>Passes</Filter>
    </ClInclude>
    <ClInclude Include="src\Passes\LightingPass.h">
      <Filter>Passes</Filter>
    </ClInclude>
    <ClInclude Include="src\Passes\MipMappingPass.h">
      <Filter>Passes</Filter>
    </ClInclude>
    <ClInclude Include="src\Passes\Editor\IconsPass.h">
      <Filter>Passes</Filter>
    </ClInclude>
    <ClInclude Include="src\Passes\DepthPrepass.h">
      <Filter>Passes</Filter>
    </ClInclude>
    <ClInclude Include="src\Passes\BloomPass.h">
      <Filter>Passes</Filter>
    </ClInclude>
  </ItemGroup>
  <ItemGroup>
    <ClCompile Include="src\Renderer.cpp" />
    <ClCompile Include="src\RenderGraph.cpp" />
    <ClCompile Include="src\Passes\AmbientPass.cpp">
      <Filter>Passes</Filter>
    </ClCompile>
    <ClCompile Include="src\Passes\EmissionPass.cpp">
      <Filter>Passes</Filter>
    </ClCompile>
    <ClCompile Include="src\Passes\FXAAPass.cpp">
      <Filter>Passes</Filter>
    </ClCompile>
    <ClCompile Include="src\Passes\GBufferPass.cpp">
      <Filter>Passes</Filter>
    </ClCompile>
    <ClCompile Include="src\Passes\GrayscalePass.cpp">
      <Filter>Passes</Filter>
    </ClCompile>
    <ClCompile Include="src\Passes\RenderPass.cpp">
      <Filter>Passes</Filter>
    </ClCompile>
    <ClCompile Include="src\Passes\ResolutionPass.cpp">
      <Filter>Passes</Filter>
    </ClCompile>
    <ClCompile Include="src\Passes\AAPass.cpp">
      <Filter>Passes</Filter>
    </ClCompile>
    <ClCompile Include="src\Passes\Lighting\DirectionalLight\DirectionalLightShadowPass.cpp">
      <Filter>Passes\Lighting\DirectionalLight</Filter>
    </ClCompile>
    <ClCompile Include="src\Passes\Lighting\DirectionalLight\DirectionalLightMultiPass.cpp">
      <Filter>Passes\Lighting\DirectionalLight</Filter>
    </ClCompile>
    <ClCompile Include="src\Passes\Lighting\DirectionalLight\DirectionalLightShadingPass.cpp">
      <Filter>Passes\Lighting\DirectionalLight</Filter>
    </ClCompile>
    <ClCompile Include="src\Passes\Lighting\PointLight\PointLightShadingPass.cpp">
      <Filter>Passes\Lighting\PointLight</Filter>
    </ClCompile>
    <ClCompile Include="src\Passes\Lighting\PointLight\PointLightShadowPass.cpp">
      <Filter>Passes\Lighting\PointLight</Filter>
    </ClCompile>
    <ClCompile Include="src\Passes\Lighting\PointLight\PointLightWireframePass.cpp">
      <Filter>Passes\Lighting\PointLight</Filter>
    </ClCompile>
    <ClCompile Include="src\Passes\Lighting\PointLight\PointLightMultiPass.cpp">
      <Filter>Passes\Lighting\PointLight</Filter>
    </ClCompile>
    <ClCompile Include="src\Passes\Lighting\SpotLight\SpotLightShadowPass.cpp">
      <Filter>Passes\Lighting\SpotLight</Filter>
    </ClCompile>
    <ClCompile Include="src\Passes\Lighting\SpotLight\SpotLightWireframePass.cpp">
      <Filter>Passes\Lighting\SpotLight</Filter>
    </ClCompile>
    <ClCompile Include="src\Passes\Lighting\SpotLight\SpotLightMultiPass.cpp">
      <Filter>Passes\Lighting\SpotLight</Filter>
    </ClCompile>
    <ClCompile Include="src\Passes\Lighting\SpotLight\SpotLightShadingPass.cpp">
      <Filter>Passes\Lighting\SpotLight</Filter>
    </ClCompile>
    <ClCompile Include="src\Passes\Bloom\BloomUpscalePass.cpp">
      <Filter>Passes\Bloom</Filter>
    </ClCompile>
    <ClCompile Include="src\Passes\Bloom\BloomDownscalePass.cpp">
      <Filter>Passes\Bloom</Filter>
    </ClCompile>
    <ClCompile Include="src\Passes\Bloom\BloomMultiPass.cpp">
      <Filter>Passes\Bloom</Filter>
    </ClCompile>
    <ClCompile Include="src\Helpers\RenderingHelper.cpp">
      <Filter>Helpers</Filter>
    </ClCompile>
    <ClCompile Include="src\RenderTarget.cpp" />
    <ClCompile Include="src\UAVTarget.cpp" />
    <ClCompile Include="src\Passes\SSAOPass.cpp">
      <Filter>Passes</Filter>
    </ClCompile>
    <ClCompile Include="src\Passes\ShadowsPass.cpp">
      <Filter>Passes</Filter>
    </ClCompile>
    <ClCompile Include="src\Passes\LightingPass.cpp">
      <Filter>Passes</Filter>
    </ClCompile>
    <ClCompile Include="src\Passes\MipMappingPass.cpp">
      <Filter>Passes</Filter>
    </ClCompile>
    <ClCompile Include="src\Passes\Editor\IconsPass.cpp">
      <Filter>Passes</Filter>
    </ClCompile>
    <ClCompile Include="src\RenderScene.cpp" />
    <ClCompile Include="src\Passes\DepthPrepass.cpp">
      <Filter>Passes</Filter>
    </ClCompile>
    <ClCompile Include="src\Passes\BloomPass.cpp">
      <Filter>Passes</Filter>
    </ClCompile>
  </ItemGroup>
  <ItemGroup>
    <Filter Include="Passes">
      <UniqueIdentifier>{36f2a7c1-554b-4894-a68f-e2f79a17d880}</UniqueIdentifier>
    </Filter>
    <Filter Include="Passes\Parameters">
      <UniqueIdentifier>{aeacc54d-52ef-4f66-a98f-94c3cc13c443}</UniqueIdentifier>
    </Filter>
    <Filter Include="Passes\Lighting">
      <UniqueIdentifier>{9ecc5fc7-84a6-4661-be4c-f091516b9e55}</UniqueIdentifier>
    </Filter>
    <Filter Include="Passes\Lighting\DirectionalLight">
      <UniqueIdentifier>{c3d9d986-3542-4f26-a9ce-cceafcb9f145}</UniqueIdentifier>
    </Filter>
    <Filter Include="Passes\Lighting\PointLight">
      <UniqueIdentifier>{117acd85-5d4d-4f43-9c6a-fd9ce1a2bbd6}</UniqueIdentifier>
    </Filter>
    <Filter Include="Passes\Lighting\SpotLight">
      <UniqueIdentifier>{23679f77-aa1e-4d95-b4f5-58d5642086f4}</UniqueIdentifier>
    </Filter>
    <Filter Include="Passes\Bloom">
      <UniqueIdentifier>{58a21329-0966-42b3-8dc6-7d8304feb35a}</UniqueIdentifier>
    </Filter>
    <Filter Include="Helpers">
      <UniqueIdentifier>{1e8c0bbc-e2e9-4420-ad0f-90a9eb994c39}</UniqueIdentifier>
    </Filter>
    <Filter Include="Shaders">
      <UniqueIdentifier>{f3a40be6-2c49-4205-ac2b-5b105e54b824}</UniqueIdentifier>
    </Filter>
  </ItemGroup>
  <ItemGroup>
    <FxCompile Include="..\Resources\Shaders\hlsl\BaseLighting.h">
      <Filter>Shaders</Filter>
    </FxCompile>
    <FxCompile Include="..\Resources\Shaders\hlsl\Bloom.h">
      <Filter>Shaders</Filter>
    </FxCompile>
    <FxCompile Include="..\Resources\Shaders\hlsl\BloomDownscale.h">
      <Filter>Shaders</Filter>
    </FxCompile>
    <FxCompile Include="..\Resources\Shaders\hlsl\BloomUpscale.h">
      <Filter>Shaders</Filter>
    </FxCompile>
    <FxCompile Include="..\Resources\Shaders\hlsl\Constants.h">
      <Filter>Shaders</Filter>
    </FxCompile>
    <FxCompile Include="..\Resources\Shaders\hlsl\Core.h">
      <Filter>Shaders</Filter>
    </FxCompile>
    <FxCompile Include="..\Resources\Shaders\hlsl\DepthPrepass.h">
      <Filter>Shaders</Filter>
    </FxCompile>
    <FxCompile Include="..\Resources\Shaders\hlsl\GBuffer.h">
      <Filter>Shaders</Filter>
    </FxCompile>
    <FxCompile Include="..\Resources\Shaders\hlsl\Icons.h">
      <Filter>Shaders</Filter>
    </FxCompile>
    <FxCompile Include="..\Resources\Shaders\hlsl\Lighting.h">
      <Filter>Shaders</Filter>
    </FxCompile>
    <FxCompile Include="..\Resources\Shaders\hlsl\LightsLighting.h">
      <Filter>Shaders</Filter>
    </FxCompile>
    <FxCompile Include="..\Resources\Shaders\hlsl\LocalShadows.h">
      <Filter>Shaders</Filter>
    </FxCompile>
    <FxCompile Include="..\Resources\Shaders\hlsl\MipMapping.h">
      <Filter>Shaders</Filter>
    </FxCompile>
    <FxCompile Include="..\Resources\Shaders\hlsl\Resolution.h">
      <Filter>Shaders</Filter>
    </FxCompile>
    <FxCompile Include="..\Resources\Shaders\hlsl\SSAO.h">
      <Filter>Shaders</Filter>
    </FxCompile>
    <FxCompile Include="..\Resources\Shaders\hlsl\SSAOBase.h">
      <Filter>Shaders</Filter>
    </FxCompile>
    <FxCompile Include="..\Resources\Shaders\hlsl\SSAOBlur.h">
      <Filter>Shaders</Filter>
    </FxCompile>
  </ItemGroup>
</Project>