<?xml version="1.0" encoding="utf-8"?>
<Project ToolsVersion="4.0" xmlns="http://schemas.microsoft.com/developer/msbuild/2003">
  <ItemGroup>
    <ClInclude Include="src\EdDirectX12.h" />
    <ClInclude Include="src\DirectX12Types.h" />
  </ItemGroup>
  <ItemGroup>
    <ClCompile Include="src\DirectX12Types.cpp" />
    <ClCompile Include="src\DirectX12Device.cpp" />
    <ClCompile Include="src\DirectX12CommandQueue.cpp" />
    <ClCompile Include="src\DirectX12CommandList.cpp" />
    <ClCompile Include="src\DirectX12CommandAllocator.cpp" />
    <ClCompile Include="src\DirectX12DescriptorHeap.cpp" />
    <ClCompile Include="src\DirectX12PipelineStateObject.cpp" />
    <ClCompile Include="src\DirectX12Resource.cpp" />
    <ClCompile Include="src\DirectX12RootSignature.cpp" />
    <ClCompile Include="src\DirectX12Shader.cpp" />
    <ClCompile Include="src\DirectX12SwapChain.cpp" />
    <ClCompile Include="src\DirectX12Heap.cpp" />
  </ItemGroup>
</Project>